
Microsoft Visual Studio Solution File, Format Version 11.00
# Visual Studio 2010
Project("{8BC9CEB8-8B4A-11D0-8D11-00A0C91BC942}") = "mh_test", "mh_test.vcxproj", "{B33ED24C-2B85-463D-A15D-45E7FECC6990}"
EndProject
Global
	GlobalSection(SolutionConfigurationPlatforms) = preSolution
		Debug|Win32 = Debug|Win32
		Release|Win32 = Release|Win32
	EndGlobalSection
	GlobalSection(ProjectConfigurationPlatforms) = postSolution
		{B33ED24C-2B85-463D-A15D-45E7FECC6990}.Debug|Win32.ActiveCfg = Debug|Win32
		{B33ED24C-2B85-463D-A15D-45E7FECC6990}.Debug|Win32.Build.0 = Debug|Win32
		{B33ED24C-2B85-463D-A15D-45E7FECC6990}.Release|Win32.ActiveCfg = Release|Win32
		{B33ED24C-2B85-463D-A15D-45E7FECC6990}.Release|Win32.Build.0 = Release|Win32
	EndGlobalSection
	GlobalSection(SolutionProperties) = preSolution
		HideSolutionNode = FALSE
	EndGlobalSection
EndGlobal
