<?xml version="1.0" encoding="utf-8"?>
<Project ToolsVersion="4.0" xmlns="http://schemas.microsoft.com/developer/msbuild/2003">
  <ItemGroup>
    <Filter Include="Source Files">
      <UniqueIdentifier>{4FC737F1-C7A5-4376-A066-2A32D752A2FF}</UniqueIdentifier>
      <Extensions>cpp;c;cc;cxx;def;odl;idl;hpj;bat;asm;asmx</Extensions>
    </Filter>
    <Filter Include="Header Files">
      <UniqueIdentifier>{93995380-89BD-4b04-88EB-625FBE52EBFB}</UniqueIdentifier>
      <Extensions>h;hh;hpp;hxx;hm;inl;inc;xsd</Extensions>
    </Filter>
    <Filter Include="Resource Files">
      <UniqueIdentifier>{67DA6AB6-F800-4c08-8B7A-83BB121AAD01}</UniqueIdentifier>
      <Extensions>rc;ico;cur;bmp;dlg;rc2;rct;bin;rgs;gif;jpg;jpeg;jpe;resx;tiff;tif;png;wav;mfcribbon-ms</Extensions>
    </Filter>
    <Filter Include="Header Files\.cake generic">
      <UniqueIdentifier>{8d4d19f1-9372-46c3-8c50-fc88c567a427}</UniqueIdentifier>
    </Filter>
    <Filter Include="Header Files\.cake game">
      <UniqueIdentifier>{b5eb4e91-7849-41b4-b238-47cdd20b577c}</UniqueIdentifier>
    </Filter>
    <Filter Include="Header Files\.cake interfaces">
      <UniqueIdentifier>{34ee5407-452b-46d0-a9bd-1fa057eb5185}</UniqueIdentifier>
    </Filter>
    <Filter Include="Header Files\.cake root">
      <UniqueIdentifier>{0222edbd-64d3-4003-a579-d52c84477d20}</UniqueIdentifier>
    </Filter>
    <Filter Include="Header Files\.cake event">
      <UniqueIdentifier>{295cdedf-02ef-4816-acb2-791e889a8e7b}</UniqueIdentifier>
    </Filter>
    <Filter Include="Header Files\.cake menu">
      <UniqueIdentifier>{aabac809-08a7-40ec-9682-ed4b703986a2}</UniqueIdentifier>
    </Filter>
  </ItemGroup>
  <ItemGroup>
    <ClCompile Include="cake.cpp">
      <Filter>Source Files</Filter>
    </ClCompile>
  </ItemGroup>
  <ItemGroup>
    <ClInclude Include="package.h">
      <Filter>Header Files\.cake generic</Filter>
    </ClInclude>
    <ClInclude Include="utils.h">
      <Filter>Header Files\.cake generic</Filter>
    </ClInclude>
    <ClInclude Include="vector.h">
      <Filter>Header Files\.cake generic</Filter>
    </ClInclude>
    <ClInclude Include="fishing.h">
      <Filter>Header Files\.cake generic</Filter>
    </ClInclude>
    <ClInclude Include="createmove.h">
      <Filter>Header Files\.cake game</Filter>
    </ClInclude>
    <ClInclude Include="usercmd.h">
      <Filter>Header Files\.cake game</Filter>
    </ClInclude>
    <ClInclude Include="pt.h">
      <Filter>Header Files\.cake game</Filter>
    </ClInclude>
    <ClInclude Include="ipanel.h">
      <Filter>Header Files\.cake interfaces</Filter>
    </ClInclude>
    <ClInclude Include="debug.h">
      <Filter>Header Files\.cake root</Filter>
    </ClInclude>
    <ClInclude Include="ibaseinterface.h">
      <Filter>Header Files\.cake interfaces</Filter>
    </ClInclude>
    <ClInclude Include="icliententitylist.h">
      <Filter>Header Files\.cake interfaces</Filter>
    </ClInclude>
    <ClInclude Include="icliententity.h">
      <Filter>Header Files\.cake interfaces</Filter>
    </ClInclude>
    <ClInclude Include="isurface.h">
      <Filter>Header Files\.cake interfaces</Filter>
    </ClInclude>
    <ClInclude Include="ivengineclient.h">
      <Filter>Header Files\.cake interfaces</Filter>
    </ClInclude>
    <ClInclude Include="calculator.h">
      <Filter>Header Files\.cake generic</Filter>
    </ClInclude>
    <ClInclude Include="color.h">
      <Filter>Header Files\.cake generic</Filter>
    </ClInclude>
    <ClInclude Include="iappsystem.h">
      <Filter>Header Files\.cake interfaces</Filter>
    </ClInclude>
    <ClInclude Include="floatie.h">
      <Filter>Header Files\.cake game</Filter>
    </ClInclude>
    <ClInclude Include="igameevent.h">
      <Filter>Header Files\.cake event</Filter>
    </ClInclude>
    <ClInclude Include="igameeventlistener.h">
      <Filter>Header Files\.cake event</Filter>
    </ClInclude>
    <ClInclude Include="trace.h">
      <Filter>Header Files\.cake generic</Filter>
    </ClInclude>
    <ClInclude Include="ienginetrace.h">
      <Filter>Header Files\.cake interfaces</Filter>
    </ClInclude>
    <ClInclude Include="itracefilter.h">
      <Filter>Header Files\.cake generic</Filter>
    </ClInclude>
    <ClInclude Include="str_scrambling.h">
      <Filter>Header Files\.cake root</Filter>
    </ClInclude>
    <ClInclude Include="menu.h">
      <Filter>Header Files\.cake menu</Filter>
    </ClInclude>
    <ClInclude Include="choppa.h">
      <Filter>Header Files\.cake game</Filter>
    </ClInclude>
    <ClInclude Include="rc.h">
      <Filter>Header Files\.cake game</Filter>
    </ClInclude>
  </ItemGroup>
</Project>